
Microsoft Visual Studio Solution File, Format Version 12.00
# Visual Studio 14
VisualStudioVersion = 14.0.25420.1
MinimumVisualStudioVersion = 10.0.40219.1
Project("{FAE04EC0-301F-11D3-BF4B-00C04F79EFBC}") = "ContainerCrudUtility", "ContainerCrudUtility\ContainerCrudUtility.csproj", "{EA6CEE51-6988-4525-BD0B-88B5C7EE58F0}"
EndProject
Project("{FAE04EC0-301F-11D3-BF4B-00C04F79EFBC}") = "Common", "Common\Common.csproj", "{76A66AAB-BB1C-45BA-B3DC-0FD6B2990200}"
EndProject
Global
	GlobalSection(SolutionConfigurationPlatforms) = preSolution
		Debug|Any CPU = Debug|Any CPU
		Release|Any CPU = Release|Any CPU
	EndGlobalSection
	GlobalSection(ProjectConfigurationPlatforms) = postSolution
		{EA6CEE51-6988-4525-BD0B-88B5C7EE58F0}.Debug|Any CPU.ActiveCfg = Debug|Any CPU
		{EA6CEE51-6988-4525-BD0B-88B5C7EE58F0}.Debug|Any CPU.Build.0 = Debug|Any CPU
		{EA6CEE51-6988-4525-BD0B-88B5C7EE58F0}.Release|Any CPU.ActiveCfg = Release|Any CPU
		{EA6CEE51-6988-4525-BD0B-88B5C7EE58F0}.Release|Any CPU.Build.0 = Release|Any CPU
		{76A66AAB-BB1C-45BA-B3DC-0FD6B2990200}.Debug|Any CPU.ActiveCfg = Debug|Any CPU
		{76A66AAB-BB1C-45BA-B3DC-0FD6B2990200}.Debug|Any CPU.Build.0 = Debug|Any CPU
		{76A66AAB-BB1C-45BA-B3DC-0FD6B2990200}.Release|Any CPU.ActiveCfg = Release|Any CPU
		{76A66AAB-BB1C-45BA-B3DC-0FD6B2990200}.Release|Any CPU.Build.0 = Release|Any CPU
	EndGlobalSection
	GlobalSection(SolutionProperties) = preSolution
		HideSolutionNode = FALSE
	EndGlobalSection
EndGlobal
