
Microsoft Visual Studio Solution File, Format Version 12.00
# Visual Studio 15
VisualStudioVersion = 15.0.27004.2009
MinimumVisualStudioVersion = 10.0.40219.1
Project("{FAE04EC0-301F-11D3-BF4B-00C04F79EFBC}") = "SelfManagedProvider", "SelfManagedProvider\SelfManagedProvider.csproj", "{169C4787-21B4-4AAD-BCB1-0DBA2E825284}"
EndProject
Global
	GlobalSection(SolutionConfigurationPlatforms) = preSolution
		Debug|Any CPU = Debug|Any CPU
		Release|Any CPU = Release|Any CPU
	EndGlobalSection
	GlobalSection(ProjectConfigurationPlatforms) = postSolution
		{169C4787-21B4-4AAD-BCB1-0DBA2E825284}.Debug|Any CPU.ActiveCfg = Debug|Any CPU
		{169C4787-21B4-4AAD-BCB1-0DBA2E825284}.Debug|Any CPU.Build.0 = Debug|Any CPU
		{169C4787-21B4-4AAD-BCB1-0DBA2E825284}.Release|Any CPU.ActiveCfg = Release|Any CPU
		{169C4787-21B4-4AAD-BCB1-0DBA2E825284}.Release|Any CPU.Build.0 = Release|Any CPU
	EndGlobalSection
	GlobalSection(SolutionProperties) = preSolution
		HideSolutionNode = FALSE
	EndGlobalSection
	GlobalSection(ExtensibilityGlobals) = postSolution
		SolutionGuid = {6F334E8E-0E81-4653-982D-308A2806ED83}
	EndGlobalSection
EndGlobal
